Microsoft Visual Studio Solution File, Format Version 12.00
# Visual Studio Version 16
VisualStudioVersion = 16.0.28729.10
MinimumVisualStudioVersion = 10.0.40219.1
Project("{FAE04EC0-301F-11D3-BF4B-00C04F79EFBC}") = "TweetDuck", "windows\TweetDuck\TweetDuck.csproj", "{2389A7CD-E0D3-4706-8294-092929A33A2D}"
EndProject
Project("{FAE04EC0-301F-11D3-BF4B-00C04F79EFBC}") = "TweetDuck.Browser", "windows\TweetDuck.Browser\TweetDuck.Browser.csproj", "{B10B0017-819E-4F71-870F-8256B36A26AA}"
EndProject
Project("{FAE04EC0-301F-11D3-BF4B-00C04F79EFBC}") = "TweetDuck.Video", "windows\TweetDuck.Video\TweetDuck.Video.csproj", "{278B2D11-402D-44B6-B6A1-8FA67DB65565}"
EndProject
Project("{FAE04EC0-301F-11D3-BF4B-00C04F79EFBC}") = "TweetImpl.CefSharp", "windows\TweetImpl.CefSharp\TweetImpl.CefSharp.csproj", "{44DF3E2E-F465-4A31-8B43-F40FFFB018BA}"
EndProject
Project("{FAE04EC0-301F-11D3-BF4B-00C04F79EFBC}") = "TweetLib.WinForms.Legacy", "windows\TweetLib.WinForms.Legacy\TweetLib.WinForms.Legacy.csproj", "{B54E732A-4090-4DAA-9ABD-311368C17B68}"
EndProject
Project("{FAE04EC0-301F-11D3-BF4B-00C04F79EFBC}") = "TweetLib.Communication", "lib\TweetLib.Communication\TweetLib.Communication.csproj", "{72473763-4B9D-4FB6-A923-9364B2680F06}"
EndProject
Project("{FAE04EC0-301F-11D3-BF4B-00C04F79EFBC}") = "TweetLib.Core", "lib\TweetLib.Core\TweetLib.Core.csproj", "{93BA3CB4-A812-4949-B07D-8D393FB38937}"
EndProject
Project("{FAE04EC0-301F-11D3-BF4B-00C04F79EFBC}") = "TweetLib.Browser", "lib\TweetLib.Browser\TweetLib.Browser.csproj", "{EEFB1F37-7CAD-46BD-8042-66E7B502AB02}"
EndProject
Project("{FAE04EC0-301F-11D3-BF4B-00C04F79EFBC}") = "TweetLib.Browser.CEF", "lib\TweetLib.Browser.CEF\TweetLib.Browser.CEF.csproj", "{1B7793C6-9002-483E-9BD7-897FE6CD18FB}"
EndProject
Project("{FAE04EC0-301F-11D3-BF4B-00C04F79EFBC}") = "TweetLib.Utils", "lib\TweetLib.Utils\TweetLib.Utils.csproj", "{476B1007-B12C-447F-B855-9886048201D6}"
EndProject
Project("{F2A71F9B-5D33-465A-A702-920D77279786}") = "TweetTest.Core", "lib\TweetTest.Core\TweetTest.Core.fsproj", "{2D7DFBA6-057D-4111-B61B-E4CB1E2BF369}"
EndProject
Project("{F2A71F9B-5D33-465A-A702-920D77279786}") = "TweetTest.Browser.CEF", "lib\TweetTest.Browser.CEF\TweetTest.Browser.CEF.fsproj", "{651B77C2-3745-4DAA-982C-398C2856E038}"
EndProject
Project("{F2A71F9B-5D33-465A-A702-920D77279786}") = "TweetTest.Utils", "lib\TweetTest.Utils\TweetTest.Utils.fsproj", "{07F6D350-B16F-44E2-804D-C1142E1E345F}"
EndProject
Global
	GlobalSection(SolutionConfigurationPlatforms) = preSolution
		Debug|x86 = Debug|x86
		Release|x86 = Release|x86
	EndGlobalSection
	GlobalSection(ProjectConfigurationPlatforms) = postSolution
		{2389A7CD-E0D3-4706-8294-092929A33A2D}.Debug|x86.ActiveCfg = Debug|x86
		{2389A7CD-E0D3-4706-8294-092929A33A2D}.Debug|x86.Build.0 = Debug|x86
		{2389A7CD-E0D3-4706-8294-092929A33A2D}.Release|x86.ActiveCfg = Release|x86
		{2389A7CD-E0D3-4706-8294-092929A33A2D}.Release|x86.Build.0 = Release|x86
		{B10B0017-819E-4F71-870F-8256B36A26AA}.Debug|x86.ActiveCfg = Debug|x86
		{B10B0017-819E-4F71-870F-8256B36A26AA}.Debug|x86.Build.0 = Debug|x86
		{B10B0017-819E-4F71-870F-8256B36A26AA}.Release|x86.ActiveCfg = Release|x86
		{B10B0017-819E-4F71-870F-8256B36A26AA}.Release|x86.Build.0 = Release|x86
		{278B2D11-402D-44B6-B6A1-8FA67DB65565}.Debug|x86.ActiveCfg = Debug|x86
		{278B2D11-402D-44B6-B6A1-8FA67DB65565}.Debug|x86.Build.0 = Debug|x86
		{278B2D11-402D-44B6-B6A1-8FA67DB65565}.Release|x86.ActiveCfg = Release|x86
		{278B2D11-402D-44B6-B6A1-8FA67DB65565}.Release|x86.Build.0 = Release|x86
		{44DF3E2E-F465-4A31-8B43-F40FFFB018BA}.Debug|x86.ActiveCfg = Debug|x86
		{44DF3E2E-F465-4A31-8B43-F40FFFB018BA}.Debug|x86.Build.0 = Debug|x86
		{44DF3E2E-F465-4A31-8B43-F40FFFB018BA}.Release|x86.ActiveCfg = Release|x86
		{44DF3E2E-F465-4A31-8B43-F40FFFB018BA}.Release|x86.Build.0 = Release|x86
		{B54E732A-4090-4DAA-9ABD-311368C17B68}.Debug|x86.ActiveCfg = Debug|x86
		{B54E732A-4090-4DAA-9ABD-311368C17B68}.Debug|x86.Build.0 = Debug|x86
		{B54E732A-4090-4DAA-9ABD-311368C17B68}.Release|x86.ActiveCfg = Release|x86
		{B54E732A-4090-4DAA-9ABD-311368C17B68}.Release|x86.Build.0 = Release|x86
		{72473763-4B9D-4FB6-A923-9364B2680F06}.Debug|x86.ActiveCfg = Debug|x86
		{72473763-4B9D-4FB6-A923-9364B2680F06}.Debug|x86.Build.0 = Debug|x86
		{72473763-4B9D-4FB6-A923-9364B2680F06}.Release|x86.ActiveCfg = Release|x86
		{72473763-4B9D-4FB6-A923-9364B2680F06}.Release|x86.Build.0 = Release|x86
		{93BA3CB4-A812-4949-B07D-8D393FB38937}.Debug|x86.ActiveCfg = Debug|x86
		{93BA3CB4-A812-4949-B07D-8D393FB38937}.Debug|x86.Build.0 = Debug|x86
		{93BA3CB4-A812-4949-B07D-8D393FB38937}.Release|x86.ActiveCfg = Release|x86
		{93BA3CB4-A812-4949-B07D-8D393FB38937}.Release|x86.Build.0 = Release|x86
		{EEFB1F37-7CAD-46BD-8042-66E7B502AB02}.Debug|x86.ActiveCfg = Debug|x86
		{EEFB1F37-7CAD-46BD-8042-66E7B502AB02}.Debug|x86.Build.0 = Debug|x86
		{EEFB1F37-7CAD-46BD-8042-66E7B502AB02}.Release|x86.ActiveCfg = Release|x86
		{EEFB1F37-7CAD-46BD-8042-66E7B502AB02}.Release|x86.Build.0 = Release|x86
		{1B7793C6-9002-483E-9BD7-897FE6CD18FB}.Debug|x86.ActiveCfg = Debug|x86
		{1B7793C6-9002-483E-9BD7-897FE6CD18FB}.Debug|x86.Build.0 = Debug|x86
		{1B7793C6-9002-483E-9BD7-897FE6CD18FB}.Release|x86.ActiveCfg = Release|x86
		{1B7793C6-9002-483E-9BD7-897FE6CD18FB}.Release|x86.Build.0 = Release|x86
		{476B1007-B12C-447F-B855-9886048201D6}.Debug|x86.ActiveCfg = Debug|x86
		{476B1007-B12C-447F-B855-9886048201D6}.Debug|x86.Build.0 = Debug|x86
		{476B1007-B12C-447F-B855-9886048201D6}.Release|x86.ActiveCfg = Release|x86
		{476B1007-B12C-447F-B855-9886048201D6}.Release|x86.Build.0 = Release|x86
		{2D7DFBA6-057D-4111-B61B-E4CB1E2BF369}.Debug|x86.ActiveCfg = Debug|x86
		{2D7DFBA6-057D-4111-B61B-E4CB1E2BF369}.Debug|x86.Build.0 = Debug|x86
		{2D7DFBA6-057D-4111-B61B-E4CB1E2BF369}.Release|x86.ActiveCfg = Release|x86
		{2D7DFBA6-057D-4111-B61B-E4CB1E2BF369}.Release|x86.Build.0 = Release|x86
		{651B77C2-3745-4DAA-982C-398C2856E038}.Debug|x86.ActiveCfg = Debug|x86
		{651B77C2-3745-4DAA-982C-398C2856E038}.Debug|x86.Build.0 = Debug|x86
		{651B77C2-3745-4DAA-982C-398C2856E038}.Release|x86.ActiveCfg = Release|x86
		{651B77C2-3745-4DAA-982C-398C2856E038}.Release|x86.Build.0 = Release|x86
		{07F6D350-B16F-44E2-804D-C1142E1E345F}.Debug|x86.ActiveCfg = Debug|x86
		{07F6D350-B16F-44E2-804D-C1142E1E345F}.Debug|x86.Build.0 = Debug|x86
		{07F6D350-B16F-44E2-804D-C1142E1E345F}.Release|x86.ActiveCfg = Release|x86
		{07F6D350-B16F-44E2-804D-C1142E1E345F}.Release|x86.Build.0 = Release|x86
	EndGlobalSection
	GlobalSection(SolutionProperties) = preSolution
		HideSolutionNode = FALSE
	EndGlobalSection
	GlobalSection(ExtensibilityGlobals) = postSolution
		SolutionGuid = {43936FDB-CBF7-493D-A99A-24B516646584}
	EndGlobalSection
EndGlobal
